
Microsoft Visual Studio Solution File, Format Version 12.00
# Visual Studio Version 17
VisualStudioVersion = 17.1.32407.343
MinimumVisualStudioVersion = 10.0.40219.1
Project("{FAE04EC0-301F-11D3-BF4B-00C04F79EFBC}") = "Api1", "Api1\Api1.csproj", "{528EBDBF-91F1-445D-8A83-E8351098C4C7}"
EndProject
Global
	GlobalSection(SolutionConfigurationPlatforms) = preSolution
		Debug|Any CPU = Debug|Any CPU
		Release|Any CPU = Release|Any CPU
	EndGlobalSection
	GlobalSection(ProjectConfigurationPlatforms) = postSolution
		{528EBDBF-91F1-445D-8A83-E8351098C4C7}.Debug|Any CPU.ActiveCfg = Debug|Any CPU
		{528EBDBF-91F1-445D-8A83-E8351098C4C7}.Debug|Any CPU.Build.0 = Debug|Any CPU
		{528EBDBF-91F1-445D-8A83-E8351098C4C7}.Release|Any CPU.ActiveCfg = Release|Any CPU
		{528EBDBF-91F1-445D-8A83-E8351098C4C7}.Release|Any CPU.Build.0 = Release|Any CPU
	EndGlobalSection
	GlobalSection(SolutionProperties) = preSolution
		HideSolutionNode = FALSE
	EndGlobalSection
	GlobalSection(ExtensibilityGlobals) = postSolution
		SolutionGuid = {F7A38E71-69EE-42F6-968D-448E72E6C6A1}
	EndGlobalSection
EndGlobal
